
Microsoft Visual Studio Solution File, Format Version 12.00
# Visual Studio Version 17
VisualStudioVersion = 17.0.31903.59
MinimumVisualStudioVersion = 10.0.40219.1
Project("{FAE04EC0-301F-11D3-BF4B-00C04F79EFBC}") = "AntigravityQuota.Core", "AntigravityQuota.Core\AntigravityQuota.Core.csproj", "{87B070B3-9CC2-424A-AC23-B50A78BE22C3}"
EndProject
Project("{FAE04EC0-301F-11D3-BF4B-00C04F79EFBC}") = "AntigravityQuota.Tests", "AntigravityQuota.Tests\AntigravityQuota.Tests.csproj", "{05AE6028-303F-43DB-A604-BFA4AD77B94E}"
EndProject
Project("{FAE04EC0-301F-11D3-BF4B-00C04F79EFBC}") = "AntigravityQuota.App", "AntigravityQuota.App\AntigravityQuota.App.csproj", "{8F13102C-6984-417F-913E-9024F92C248B}"
EndProject
Global
	GlobalSection(SolutionConfigurationPlatforms) = preSolution
		Debug|Any CPU = Debug|Any CPU
		Debug|x64 = Debug|x64
		Debug|x86 = Debug|x86
		Release|Any CPU = Release|Any CPU
		Release|x64 = Release|x64
		Release|x86 = Release|x86
	EndGlobalSection
	GlobalSection(ProjectConfigurationPlatforms) = postSolution
		{87B070B3-9CC2-424A-AC23-B50A78BE22C3}.Debug|Any CPU.ActiveCfg = Debug|Any CPU
		{87B070B3-9CC2-424A-AC23-B50A78BE22C3}.Debug|Any CPU.Build.0 = Debug|Any CPU
		{87B070B3-9CC2-424A-AC23-B50A78BE22C3}.Debug|x64.ActiveCfg = Debug|Any CPU
		{87B070B3-9CC2-424A-AC23-B50A78BE22C3}.Debug|x64.Build.0 = Debug|Any CPU
		{87B070B3-9CC2-424A-AC23-B50A78BE22C3}.Debug|x86.ActiveCfg = Debug|Any CPU
		{87B070B3-9CC2-424A-AC23-B50A78BE22C3}.Debug|x86.Build.0 = Debug|Any CPU
		{87B070B3-9CC2-424A-AC23-B50A78BE22C3}.Release|Any CPU.ActiveCfg = Release|Any CPU
		{87B070B3-9CC2-424A-AC23-B50A78BE22C3}.Release|Any CPU.Build.0 = Release|Any CPU
		{87B070B3-9CC2-424A-AC23-B50A78BE22C3}.Release|x64.ActiveCfg = Release|Any CPU
		{87B070B3-9CC2-424A-AC23-B50A78BE22C3}.Release|x64.Build.0 = Release|Any CPU
		{87B070B3-9CC2-424A-AC23-B50A78BE22C3}.Release|x86.ActiveCfg = Release|Any CPU
		{87B070B3-9CC2-424A-AC23-B50A78BE22C3}.Release|x86.Build.0 = Release|Any CPU
		{05AE6028-303F-43DB-A604-BFA4AD77B94E}.Debug|Any CPU.ActiveCfg = Debug|Any CPU
		{05AE6028-303F-43DB-A604-BFA4AD77B94E}.Debug|Any CPU.Build.0 = Debug|Any CPU
		{05AE6028-303F-43DB-A604-BFA4AD77B94E}.Debug|x64.ActiveCfg = Debug|Any CPU
		{05AE6028-303F-43DB-A604-BFA4AD77B94E}.Debug|x64.Build.0 = Debug|Any CPU
		{05AE6028-303F-43DB-A604-BFA4AD77B94E}.Debug|x86.ActiveCfg = Debug|Any CPU
		{05AE6028-303F-43DB-A604-BFA4AD77B94E}.Debug|x86.Build.0 = Debug|Any CPU
		{05AE6028-303F-43DB-A604-BFA4AD77B94E}.Release|Any CPU.ActiveCfg = Release|Any CPU
		{05AE6028-303F-43DB-A604-BFA4AD77B94E}.Release|Any CPU.Build.0 = Release|Any CPU
		{05AE6028-303F-43DB-A604-BFA4AD77B94E}.Release|x64.ActiveCfg = Release|Any CPU
		{05AE6028-303F-43DB-A604-BFA4AD77B94E}.Release|x64.Build.0 = Release|Any CPU
		{05AE6028-303F-43DB-A604-BFA4AD77B94E}.Release|x86.ActiveCfg = Release|Any CPU
		{05AE6028-303F-43DB-A604-BFA4AD77B94E}.Release|x86.Build.0 = Release|Any CPU
		{8F13102C-6984-417F-913E-9024F92C248B}.Debug|Any CPU.ActiveCfg = Debug|Any CPU
		{8F13102C-6984-417F-913E-9024F92C248B}.Debug|Any CPU.Build.0 = Debug|Any CPU
		{8F13102C-6984-417F-913E-9024F92C248B}.Debug|x64.ActiveCfg = Debug|Any CPU
		{8F13102C-6984-417F-913E-9024F92C248B}.Debug|x64.Build.0 = Debug|Any CPU
		{8F13102C-6984-417F-913E-9024F92C248B}.Debug|x86.ActiveCfg = Debug|Any CPU
		{8F13102C-6984-417F-913E-9024F92C248B}.Debug|x86.Build.0 = Debug|Any CPU
		{8F13102C-6984-417F-913E-9024F92C248B}.Release|Any CPU.ActiveCfg = Release|Any CPU
		{8F13102C-6984-417F-913E-9024F92C248B}.Release|Any CPU.Build.0 = Release|Any CPU
		{8F13102C-6984-417F-913E-9024F92C248B}.Release|x64.ActiveCfg = Release|Any CPU
		{8F13102C-6984-417F-913E-9024F92C248B}.Release|x64.Build.0 = Release|Any CPU
		{8F13102C-6984-417F-913E-9024F92C248B}.Release|x86.ActiveCfg = Release|Any CPU
		{8F13102C-6984-417F-913E-9024F92C248B}.Release|x86.Build.0 = Release|Any CPU
	EndGlobalSection
	GlobalSection(SolutionProperties) = preSolution
		HideSolutionNode = FALSE
	EndGlobalSection
EndGlobal
